
Microsoft Visual Studio Solution File, Format Version 12.00
# Visual Studio Version 17
VisualStudioVersion = 17.14.36025.13
MinimumVisualStudioVersion = 10.0.40219.1
Project("{FAE04EC0-301F-11D3-BF4B-00C04F79EFBC}") = "DLVDProject", "DLVDProject\DLVDProject.csproj", "{27D0DE72-F268-477D-B3DE-65B6AC1E39BA}"
EndProject
Project("{FAE04EC0-301F-11D3-BF4B-00C04F79EFBC}") = "DVLD_DataAccessLayer", "DVLD_DataAccessLayer\DVLD_DataAccessLayer.csproj", "{244D6FB3-EAC8-40A4-9F6E-38B55C78327D}"
EndProject
Project("{FAE04EC0-301F-11D3-BF4B-00C04F79EFBC}") = "DVLDBusinessLayer", "DVLDBusinessLayer\DVLDBusinessLayer.csproj", "{C6966C9B-1374-40F8-8257-84A4D3A00328}"
EndProject
Project("{2150E333-8FDC-42A3-9474-1A3956D46DE8}") = "Solution Items", "Solution Items", "{8EC462FD-D22E-90A8-E5CE-7E832BA40C5D}"
	ProjectSection(SolutionItems) = preProject
		.gitignore = .gitignore
	EndProjectSection
EndProject
Global
	GlobalSection(SolutionConfigurationPlatforms) = preSolution
		Debug|Any CPU = Debug|Any CPU
		Release|Any CPU = Release|Any CPU
	EndGlobalSection
	GlobalSection(ProjectConfigurationPlatforms) = postSolution
		{27D0DE72-F268-477D-B3DE-65B6AC1E39BA}.Debug|Any CPU.ActiveCfg = Debug|Any CPU
		{27D0DE72-F268-477D-B3DE-65B6AC1E39BA}.Debug|Any CPU.Build.0 = Debug|Any CPU
		{27D0DE72-F268-477D-B3DE-65B6AC1E39BA}.Release|Any CPU.ActiveCfg = Release|Any CPU
		{27D0DE72-F268-477D-B3DE-65B6AC1E39BA}.Release|Any CPU.Build.0 = Release|Any CPU
		{244D6FB3-EAC8-40A4-9F6E-38B55C78327D}.Debug|Any CPU.ActiveCfg = Debug|Any CPU
		{244D6FB3-EAC8-40A4-9F6E-38B55C78327D}.Debug|Any CPU.Build.0 = Debug|Any CPU
		{244D6FB3-EAC8-40A4-9F6E-38B55C78327D}.Release|Any CPU.ActiveCfg = Release|Any CPU
		{244D6FB3-EAC8-40A4-9F6E-38B55C78327D}.Release|Any CPU.Build.0 = Release|Any CPU
		{C6966C9B-1374-40F8-8257-84A4D3A00328}.Debug|Any CPU.ActiveCfg = Debug|Any CPU
		{C6966C9B-1374-40F8-8257-84A4D3A00328}.Debug|Any CPU.Build.0 = Debug|Any CPU
		{C6966C9B-1374-40F8-8257-84A4D3A00328}.Release|Any CPU.ActiveCfg = Release|Any CPU
		{C6966C9B-1374-40F8-8257-84A4D3A00328}.Release|Any CPU.Build.0 = Release|Any CPU
	EndGlobalSection
	GlobalSection(SolutionProperties) = preSolution
		HideSolutionNode = FALSE
	EndGlobalSection
	GlobalSection(ExtensibilityGlobals) = postSolution
		SolutionGuid = {CAAABA20-815E-4FD2-BF18-AF9901E97222}
	EndGlobalSection
EndGlobal
